
Microsoft Visual Studio Solution File, Format Version 12.00
# Visual Studio Version 17
VisualStudioVersion = 17.14.36623.8 d17.14
MinimumVisualStudioVersion = 10.0.40219.1
Project("{FAE04EC0-301F-11D3-BF4B-00C04F79EFBC}") = "BasicOOP", "BasicOOP.csproj", "{FEF46A2D-7841-4AD8-A5F9-696A00CE72F7}"
EndProject
Global
	GlobalSection(SolutionConfigurationPlatforms) = preSolution
		Debug|Any CPU = Debug|Any CPU
		Release|Any CPU = Release|Any CPU
	EndGlobalSection
	GlobalSection(ProjectConfigurationPlatforms) = postSolution
		{FEF46A2D-7841-4AD8-A5F9-696A00CE72F7}.Debug|Any CPU.ActiveCfg = Debug|Any CPU
		{FEF46A2D-7841-4AD8-A5F9-696A00CE72F7}.Debug|Any CPU.Build.0 = Debug|Any CPU
		{FEF46A2D-7841-4AD8-A5F9-696A00CE72F7}.Release|Any CPU.ActiveCfg = Release|Any CPU
		{FEF46A2D-7841-4AD8-A5F9-696A00CE72F7}.Release|Any CPU.Build.0 = Release|Any CPU
	EndGlobalSection
	GlobalSection(SolutionProperties) = preSolution
		HideSolutionNode = FALSE
	EndGlobalSection
	GlobalSection(ExtensibilityGlobals) = postSolution
		SolutionGuid = {5E121E97-74A9-419B-BE20-75FB5D801CB9}
	EndGlobalSection
EndGlobal
